
Microsoft Visual Studio Solution File, Format Version 12.00
# Visual Studio 15
VisualStudioVersion = 15.0.27130.2036
MinimumVisualStudioVersion = 10.0.40219.1
Project("{8BC9CEB8-8B4A-11D0-8D11-00A0C91BC942}") = "DesignPatterns", "DesignPatterns\DesignPatterns.vcxproj", "{0A888B64-200B-4EC7-9F19-F5033D8E4EBA}"
EndProject
Global
	GlobalSection(SolutionConfigurationPlatforms) = preSolution
		Debug|x64 = Debug|x64
		Debug|x86 = Debug|x86
		Release|x64 = Release|x64
		Release|x86 = Release|x86
	EndGlobalSection
	GlobalSection(ProjectConfigurationPlatforms) = postSolution
		{0A888B64-200B-4EC7-9F19-F5033D8E4EBA}.Debug|x64.ActiveCfg = Debug|x64
		{0A888B64-200B-4EC7-9F19-F5033D8E4EBA}.Debug|x64.Build.0 = Debug|x64
		{0A888B64-200B-4EC7-9F19-F5033D8E4EBA}.Debug|x86.ActiveCfg = Debug|Win32
		{0A888B64-200B-4EC7-9F19-F5033D8E4EBA}.Debug|x86.Build.0 = Debug|Win32
		{0A888B64-200B-4EC7-9F19-F5033D8E4EBA}.Release|x64.ActiveCfg = Release|x64
		{0A888B64-200B-4EC7-9F19-F5033D8E4EBA}.Release|x64.Build.0 = Release|x64
		{0A888B64-200B-4EC7-9F19-F5033D8E4EBA}.Release|x86.ActiveCfg = Release|Win32
		{0A888B64-200B-4EC7-9F19-F5033D8E4EBA}.Release|x86.Build.0 = Release|Win32
	EndGlobalSection
	GlobalSection(SolutionProperties) = preSolution
		HideSolutionNode = FALSE
	EndGlobalSection
	GlobalSection(ExtensibilityGlobals) = postSolution
		SolutionGuid = {D7DCE2FD-E3B5-46E6-A090-9A7C62F7C1B5}
	EndGlobalSection
EndGlobal
